
Microsoft Visual Studio Solution File, Format Version 12.00
# Visual Studio 15
VisualStudioVersion = 15.0.26430.13
MinimumVisualStudioVersion = 10.0.40219.1
Project("{FAE04EC0-301F-11D3-BF4B-00C04F79EFBC}") = "XOREncryption", "XOREncryption\XOREncryption.csproj", "{8F640A0C-A813-4E49-9BB0-B9C694874A09}"
EndProject
Project("{FAE04EC0-301F-11D3-BF4B-00C04F79EFBC}") = "TestCase", "TestCase\TestCase.csproj", "{248E00FA-C696-43B6-8CD0-772D964465A2}"
EndProject
Project("{FAE04EC0-301F-11D3-BF4B-00C04F79EFBC}") = "XORBlockEncryption", "XORBlockEncryption\XORBlockEncryption.csproj", "{6F146727-1961-4E31-BA98-EEA7D2A6BF27}"
EndProject
Global
	GlobalSection(SolutionConfigurationPlatforms) = preSolution
		Debug|Any CPU = Debug|Any CPU
		Release|Any CPU = Release|Any CPU
	EndGlobalSection
	GlobalSection(ProjectConfigurationPlatforms) = postSolution
		{8F640A0C-A813-4E49-9BB0-B9C694874A09}.Debug|Any CPU.ActiveCfg = Debug|Any CPU
		{8F640A0C-A813-4E49-9BB0-B9C694874A09}.Debug|Any CPU.Build.0 = Debug|Any CPU
		{8F640A0C-A813-4E49-9BB0-B9C694874A09}.Release|Any CPU.ActiveCfg = Release|Any CPU
		{8F640A0C-A813-4E49-9BB0-B9C694874A09}.Release|Any CPU.Build.0 = Release|Any CPU
		{248E00FA-C696-43B6-8CD0-772D964465A2}.Debug|Any CPU.ActiveCfg = Debug|Any CPU
		{248E00FA-C696-43B6-8CD0-772D964465A2}.Debug|Any CPU.Build.0 = Debug|Any CPU
		{248E00FA-C696-43B6-8CD0-772D964465A2}.Release|Any CPU.ActiveCfg = Release|Any CPU
		{248E00FA-C696-43B6-8CD0-772D964465A2}.Release|Any CPU.Build.0 = Release|Any CPU
		{6F146727-1961-4E31-BA98-EEA7D2A6BF27}.Debug|Any CPU.ActiveCfg = Debug|Any CPU
		{6F146727-1961-4E31-BA98-EEA7D2A6BF27}.Debug|Any CPU.Build.0 = Debug|Any CPU
		{6F146727-1961-4E31-BA98-EEA7D2A6BF27}.Release|Any CPU.ActiveCfg = Release|Any CPU
		{6F146727-1961-4E31-BA98-EEA7D2A6BF27}.Release|Any CPU.Build.0 = Release|Any CPU
	EndGlobalSection
	GlobalSection(SolutionProperties) = preSolution
		HideSolutionNode = FALSE
	EndGlobalSection
EndGlobal
